// !$*UTF8*$!
{
	archiveVersion = 1;
	classes = {
	};
	objectVersion = 55;
	objects = {

/* Begin PBXBuildFile section */
		047C634F27A49D9F00612DEE /* AppDelegate.swift in Sources */ = {isa = PBXBuildFile; fileRef = 047C634E27A49D9F00612DEE /* AppDelegate.swift */; };
		047C635827A49DA100612DEE /* Assets.xcassets in Resources */ = {isa = PBXBuildFile; fileRef = 047C635727A49DA100612DEE /* Assets.xcassets */; };
		047C635B27A49DA100612DEE /* LaunchScreen.storyboard in Resources */ = {isa = PBXBuildFile; fileRef = 047C635927A49DA100612DEE /* LaunchScreen.storyboard */; };
		047C636827A4B31C00612DEE /* Magic8BallCoordinator.swift in Sources */ = {isa = PBXBuildFile; fileRef = 047C636727A4B31C00612DEE /* Magic8BallCoordinator.swift */; };
		047C636A27A4B3A500612DEE /* Magic8BallFactory.swift in Sources */ = {isa = PBXBuildFile; fileRef = 047C636927A4B3A500612DEE /* Magic8BallFactory.swift */; };
		047C636C27A4B3E700612DEE /* Magic8BallUIView.swift in Sources */ = {isa = PBXBuildFile; fileRef = 047C636B27A4B3E700612DEE /* Magic8BallUIView.swift */; };
		047C636E27A4B4E200612DEE /* GlobalConstants.swift in Sources */ = {isa = PBXBuildFile; fileRef = 047C636D27A4B4E200612DEE /* GlobalConstants.swift */; };
		047C637027A4B84600612DEE /* Magic8BallViewController.swift in Sources */ = {isa = PBXBuildFile; fileRef = 047C636F27A4B84600612DEE /* Magic8BallViewController.swift */; };
/* End PBXBuildFile section */

/* Begin PBXFileReference section */
		047C634B27A49D9F00612DEE /* Magic8Ball_NSB.app */ = {isa = PBXFileReference; explicitFileType = wrapper.application; includeInIndex = 0; path = Magic8Ball_NSB.app; sourceTree = BUILT_PRODUCTS_DIR; };
		047C634E27A49D9F00612DEE /* AppDelegate.swift */ = {isa = PBXFileReference; lastKnownFileType = sourcecode.swift; path = AppDelegate.swift; sourceTree = "<group>"; };
		047C635727A49DA100612DEE /* Assets.xcassets */ = {isa = PBXFileReference; lastKnownFileType = folder.assetcatalog; path = Assets.xcassets; sourceTree = "<group>"; };
		047C635A27A49DA100612DEE /* Base */ = {isa = PBXFileReference; lastKnownFileType = file.storyboard; name = Base; path = Base.lproj/LaunchScreen.storyboard; sourceTree = "<group>"; };
		047C635C27A49DA100612DEE /* Info.plist */ = {isa = PBXFileReference; lastKnownFileType = text.plist.xml; path = Info.plist; sourceTree = "<group>"; };
		047C636727A4B31C00612DEE /* Magic8BallCoordinator.swift */ = {isa = PBXFileReference; lastKnownFileType = sourcecode.swift; path = Magic8BallCoordinator.swift; sourceTree = "<group>"; };
		047C636927A4B3A500612DEE /* Magic8BallFactory.swift */ = {isa = PBXFileReference; lastKnownFileType = sourcecode.swift; path = Magic8BallFactory.swift; sourceTree = "<group>"; };
		047C636B27A4B3E700612DEE /* Magic8BallUIView.swift */ = {isa = PBXFileReference; lastKnownFileType = sourcecode.swift; path = Magic8BallUIView.swift; sourceTree = "<group>"; };
		047C636D27A4B4E200612DEE /* GlobalConstants.swift */ = {isa = PBXFileReference; lastKnownFileType = sourcecode.swift; path = GlobalConstants.swift; sourceTree = "<group>"; };
		047C636F27A4B84600612DEE /* Magic8BallViewController.swift */ = {isa = PBXFileReference; lastKnownFileType = sourcecode.swift; path = Magic8BallViewController.swift; sourceTree = "<group>"; };
/* End PBXFileReference section */

/* Begin PBXFrameworksBuildPhase section */
		047C634827A49D9F00612DEE /* Frameworks */ = {
			isa = PBXFrameworksBuildPhase;
			buildActionMask = 2147483647;
			files = (
			);
			runOnlyForDeploymentPostprocessing = 0;
		};
/* End PBXFrameworksBuildPhase section */

/* Begin PBXGroup section */
		047C634227A49D9F00612DEE = {
			isa = PBXGroup;
			children = (
				047C634D27A49D9F00612DEE /* Magic8Ball_NSB */,
				047C634C27A49D9F00612DEE /* Products */,
			);
			sourceTree = "<group>";
		};
		047C634C27A49D9F00612DEE /* Products */ = {
			isa = PBXGroup;
			children = (
				047C634B27A49D9F00612DEE /* Magic8Ball_NSB.app */,
			);
			name = Products;
			sourceTree = "<group>";
		};
		047C634D27A49D9F00612DEE /* Magic8Ball_NSB */ = {
			isa = PBXGroup;
			children = (
				047C636627A49E3E00612DEE /* View */,
				047C636527A49E3300612DEE /* Utils */,
				047C636427A49E2A00612DEE /* Factory */,
				047C636327A49E2000612DEE /* Coordinator */,
				047C634E27A49D9F00612DEE /* AppDelegate.swift */,
				047C635727A49DA100612DEE /* Assets.xcassets */,
				047C635C27A49DA100612DEE /* Info.plist */,
			);
			path = Magic8Ball_NSB;
			sourceTree = "<group>";
		};
		047C636327A49E2000612DEE /* Coordinator */ = {
			isa = PBXGroup;
			children = (
				047C636727A4B31C00612DEE /* Magic8BallCoordinator.swift */,
			);
			path = Coordinator;
			sourceTree = "<group>";
		};
		047C636427A49E2A00612DEE /* Factory */ = {
			isa = PBXGroup;
			children = (
				047C636927A4B3A500612DEE /* Magic8BallFactory.swift */,
			);
			path = Factory;
			sourceTree = "<group>";
		};
		047C636527A49E3300612DEE /* Utils */ = {
			isa = PBXGroup;
			children = (
				047C636D27A4B4E200612DEE /* GlobalConstants.swift */,
			);
			path = Utils;
			sourceTree = "<group>";
		};
		047C636627A49E3E00612DEE /* View */ = {
			isa = PBXGroup;
			children = (
				047C635927A49DA100612DEE /* LaunchScreen.storyboard */,
				047C636B27A4B3E700612DEE /* Magic8BallUIView.swift */,
				047C636F27A4B84600612DEE /* Magic8BallViewController.swift */,
			);
			path = View;
			sourceTree = "<group>";
		};
/* End PBXGroup section */

/* Begin PBXNativeTarget section */
		047C634A27A49D9F00612DEE /* Magic8Ball_NSB */ = {
			isa = PBXNativeTarget;
			buildConfigurationList = 047C635F27A49DA100612DEE /* Build configuration list for PBXNativeTarget "Magic8Ball_NSB" */;
			buildPhases = (
				047C634727A49D9F00612DEE /* Sources */,
				047C634827A49D9F00612DEE /* Frameworks */,
				047C634927A49D9F00612DEE /* Resources */,
			);
			buildRules = (
			);
			dependencies = (
			);
			name = Magic8Ball_NSB;
			productName = Magic8Ball_NSB;
			productReference = 047C634B27A49D9F00612DEE /* Magic8Ball_NSB.app */;
			productType = "com.apple.product-type.application";
		};
/* End PBXNativeTarget section */

/* Begin PBXProject section */
		047C634327A49D9F00612DEE /* Project object */ = {
			isa = PBXProject;
			attributes = {
				BuildIndependentTargetsInParallel = 1;
				LastSwiftUpdateCheck = 1320;
				LastUpgradeCheck = 1320;
				TargetAttributes = {
					047C634A27A49D9F00612DEE = {
						CreatedOnToolsVersion = 13.2.1;
					};
				};
			};
			buildConfigurationList = 047C634627A49D9F00612DEE /* Build configuration list for PBXProject "Magic8Ball_NSB" */;
			compatibilityVersion = "Xcode 13.0";
			developmentRegion = en;
			hasScannedForEncodings = 0;
			knownRegions = (
				en,
				Base,
			);
			mainGroup = 047C634227A49D9F00612DEE;
			productRefGroup = 047C634C27A49D9F00612DEE /* Products */;
			projectDirPath = "";
			projectRoot = "";
			targets = (
				047C634A27A49D9F00612DEE /* Magic8Ball_NSB */,
			);
		};
/* End PBXProject section */

/* Begin PBXResourcesBuildPhase section */
		047C634927A49D9F00612DEE /* Resources */ = {
			isa = PBXResourcesBuildPhase;
			buildActionMask = 2147483647;
			files = (
				047C635B27A49DA100612DEE /* LaunchScreen.storyboard in Resources */,
				047C635827A49DA100612DEE /* Assets.xcassets in Resources */,
			);
			runOnlyForDeploymentPostprocessing = 0;
		};
/* End PBXResourcesBuildPhase section */

/* Begin PBXSourcesBuildPhase section */
		047C634727A49D9F00612DEE /* Sources */ = {
			isa = PBXSourcesBuildPhase;
			buildActionMask = 2147483647;
			files = (
				047C636827A4B31C00612DEE /* Magic8BallCoordinator.swift in Sources */,
				047C634F27A49D9F00612DEE /* AppDelegate.swift in Sources */,
				047C637027A4B84600612DEE /* Magic8BallViewController.swift in Sources */,
				047C636E27A4B4E200612DEE /* GlobalConstants.swift in Sources */,
				047C636C27A4B3E700612DEE /* Magic8BallUIView.swift in Sources */,
				047C636A27A4B3A500612DEE /* Magic8BallFactory.swift in Sources */,
			);
			runOnlyForDeploymentPostprocessing = 0;
		};
/* End PBXSourcesBuildPhase section */

/* Begin PBXVariantGroup section */
		047C635927A49DA100612DEE /* LaunchScreen.storyboard */ = {
			isa = PBXVariantGroup;
			children = (
				047C635A27A49DA100612DEE /* Base */,
			);
			name = LaunchScreen.storyboard;
			sourceTree = "<group>";
		};
/* End PBXVariantGroup section */

/* Begin XCBuildConfiguration section */
		047C635D27A49DA100612DEE /* Debug */ = {
			isa = XCBuildConfiguration;
			buildSettings = {
				ALWAYS_SEARCH_USER_PATHS = NO;
				CLANG_ANALYZER_NONNULL = YES;
				CLANG_ANALYZER_NUMBER_OBJECT_CONVERSION = YES_AGGRESSIVE;
				CLANG_CXX_LANGUAGE_STANDARD = "gnu++17";
				CLANG_CXX_LIBRARY = "libc++";
				CLANG_ENABLE_MODULES = YES;
				CLANG_ENABLE_OBJC_ARC = YES;
				CLANG_ENABLE_OBJC_WEAK = YES;
				CLANG_WARN_BLOCK_CAPTURE_AUTORELEASING = YES;
				CLANG_WARN_BOOL_CONVERSION = YES;
				CLANG_WARN_COMMA = YES;
				CLANG_WARN_CONSTANT_CONVERSION = YES;
				CLANG_WARN_DEPRECATED_OBJC_IMPLEMENTATIONS = YES;
				CLANG_WARN_DIRECT_OBJC_ISA_USAGE = YES_ERROR;
				CLANG_WARN_DOCUMENTATION_COMMENTS = YES;
				CLANG_WARN_EMPTY_BODY = YES;
				CLANG_WARN_ENUM_CONVERSION = YES;
				CLANG_WARN_INFINITE_RECURSION = YES;
				CLANG_WARN_INT_CONVERSION = YES;
				CLANG_WARN_NON_LITERAL_NULL_CONVERSION = YES;
				CLANG_WARN_OBJC_IMPLICIT_RETAIN_SELF = YES;
				CLANG_WARN_OBJC_LITERAL_CONVERSION = YES;
				CLANG_WARN_OBJC_ROOT_CLASS = YES_ERROR;
				CLANG_WARN_QUOTED_INCLUDE_IN_FRAMEWORK_HEADER = YES;
				CLANG_WARN_RANGE_LOOP_ANALYSIS = YES;
				CLANG_WARN_STRICT_PROTOTYPES = YES;
				CLANG_WARN_SUSPICIOUS_MOVE = YES;
				CLANG_WARN_UNGUARDED_AVAILABILITY = YES_AGGRESSIVE;
				CLANG_WARN_UNREACHABLE_CODE = YES;
				CLANG_WARN__DUPLICATE_METHOD_MATCH = YES;
				COPY_PHASE_STRIP = NO;
				DEBUG_INFORMATION_FORMAT = dwarf;
				ENABLE_STRICT_OBJC_MSGSEND = YES;
				ENABLE_TESTABILITY = YES;
				GCC_C_LANGUAGE_STANDARD = gnu11;
				GCC_DYNAMIC_NO_PIC = NO;
				GCC_NO_COMMON_BLOCKS = YES;
				GCC_OPTIMIZATION_LEVEL = 0;
				GCC_PREPROCESSOR_DEFINITIONS = (
					"DEBUG=1",
					"$(inherited)",
				);
				GCC_WARN_64_TO_32_BIT_CONVERSION = YES;
				GCC_WARN_ABOUT_RETURN_TYPE = YES_ERROR;
				GCC_WARN_UNDECLARED_SELECTOR = YES;
				GCC_WARN_UNINITIALIZED_AUTOS = YES_AGGRESSIVE;
				GCC_WARN_UNUSED_FUNCTION = YES;
				GCC_WARN_UNUSED_VARIABLE = YES;
				IPHONEOS_DEPLOYMENT_TARGET = 15.2;
				MTL_ENABLE_DEBUG_INFO = INCLUDE_SOURCE;
				MTL_FAST_MATH = YES;
				ONLY_ACTIVE_ARCH = YES;
				SDKROOT = iphoneos;
				SWIFT_ACTIVE_COMPILATION_CONDITIONS = DEBUG;
				SWIFT_OPTIMIZATION_LEVEL = "-Onone";
			};
			name = Debug;
		};
		047C635E27A49DA100612DEE /* Release */ = {
			isa = XCBuildConfiguration;
			buildSettings = {
				ALWAYS_SEARCH_USER_PATHS = NO;
				CLANG_ANALYZER_NONNULL = YES;
				CLANG_ANALYZER_NUMBER_OBJECT_CONVERSION = YES_AGGRESSIVE;
				CLANG_CXX_LANGUAGE_STANDARD = "gnu++17";
				CLANG_CXX_LIBRARY = "libc++";
				CLANG_ENABLE_MODULES = YES;
				CLANG_ENABLE_OBJC_ARC = YES;
				CLANG_ENABLE_OBJC_WEAK = YES;
				CLANG_WARN_BLOCK_CAPTURE_AUTORELEASING = YES;
				CLANG_WARN_BOOL_CONVERSION = YES;
				CLANG_WARN_COMMA = YES;
				CLANG_WARN_CONSTANT_CONVERSION = YES;
				CLANG_WARN_DEPRECATED_OBJC_IMPLEMENTATIONS = YES;
				CLANG_WARN_DIRECT_OBJC_ISA_USAGE = YES_ERROR;
				CLANG_WARN_DOCUMENTATION_COMMENTS = YES;
				CLANG_WARN_EMPTY_BODY = YES;
				CLANG_WARN_ENUM_CONVERSION = YES;
				CLANG_WARN_INFINITE_RECURSION = YES;
				CLANG_WARN_INT_CONVERSION = YES;
				CLANG_WARN_NON_LITERAL_NULL_CONVERSION = YES;
				CLANG_WARN_OBJC_IMPLICIT_RETAIN_SELF = YES;
				CLANG_WARN_OBJC_LITERAL_CONVERSION = YES;
				CLANG_WARN_OBJC_ROOT_CLASS = YES_ERROR;
				CLANG_WARN_QUOTED_INCLUDE_IN_FRAMEWORK_HEADER = YES;
				CLANG_WARN_RANGE_LOOP_ANALYSIS = YES;
				CLANG_WARN_STRICT_PROTOTYPES = YES;
				CLANG_WARN_SUSPICIOUS_MOVE = YES;
				CLANG_WARN_UNGUARDED_AVAILABILITY = YES_AGGRESSIVE;
				CLANG_WARN_UNREACHABLE_CODE = YES;
				CLANG_WARN__DUPLICATE_METHOD_MATCH = YES;
				COPY_PHASE_STRIP = NO;
				DEBUG_INFORMATION_FORMAT = "dwarf-with-dsym";
				ENABLE_NS_ASSERTIONS = NO;
				ENABLE_STRICT_OBJC_MSGSEND = YES;
				GCC_C_LANGUAGE_STANDARD = gnu11;
				GCC_NO_COMMON_BLOCKS = YES;
				GCC_WARN_64_TO_32_BIT_CONVERSION = YES;
				GCC_WARN_ABOUT_RETURN_TYPE = YES_ERROR;
				GCC_WARN_UNDECLARED_SELECTOR = YES;
				GCC_WARN_UNINITIALIZED_AUTOS = YES_AGGRESSIVE;
				GCC_WARN_UNUSED_FUNCTION = YES;
				GCC_WARN_UNUSED_VARIABLE = YES;
				IPHONEOS_DEPLOYMENT_TARGET = 15.2;
				MTL_ENABLE_DEBUG_INFO = NO;
				MTL_FAST_MATH = YES;
				SDKROOT = iphoneos;
				SWIFT_COMPILATION_MODE = wholemodule;
				SWIFT_OPTIMIZATION_LEVEL = "-O";
				VALIDATE_PRODUCT = YES;
			};
			name = Release;
		};
		047C636027A49DA100612DEE /* Debug */ = {
			isa = XCBuildConfiguration;
			buildSettings = {
				ASSETCATALOG_COMPILER_APPICON_NAME = AppIcon;
				ASSETCATALOG_COMPILER_GLOBAL_ACCENT_COLOR_NAME = AccentColor;
				CODE_SIGN_STYLE = Automatic;
				CURRENT_PROJECT_VERSION = 1;
				DEVELOPMENT_TEAM = P2K7ZPU98L;
				GENERATE_INFOPLIST_FILE = YES;
				INFOPLIST_FILE = Magic8Ball_NSB/Info.plist;
				INFOPLIST_KEY_UIApplicationSupportsIndirectInputEvents = YES;
				INFOPLIST_KEY_UILaunchStoryboardName = LaunchScreen;
				INFOPLIST_KEY_UISupportedInterfaceOrientations_iPad = "UIInterfaceOrientationPortrait UIInterfaceOrientationPortraitUpsideDown UIInterfaceOrientationLandscapeLeft UIInterfaceOrientationLandscapeRight";
				INFOPLIST_KEY_UISupportedInterfaceOrientations_iPhone = "UIInterfaceOrientationPortrait UIInterfaceOrientationLandscapeLeft UIInterfaceOrientationLandscapeRight";
				LD_RUNPATH_SEARCH_PATHS = (
					"$(inherited)",
					"@executable_path/Frameworks",
				);
				MARKETING_VERSION = 1.0;
				PRODUCT_BUNDLE_IDENTIFIER = "com.raulpavon.Magic8Ball-NSB";
				PRODUCT_NAME = "$(TARGET_NAME)";
				SWIFT_EMIT_LOC_STRINGS = YES;
				SWIFT_VERSION = 5.0;
				TARGETED_DEVICE_FAMILY = "1,2";
			};
			name = Debug;
		};
		047C636127A49DA100612DEE /* Release */ = {
			isa = XCBuildConfiguration;
			buildSettings = {
				ASSETCATALOG_COMPILER_APPICON_NAME = AppIcon;
				ASSETCATALOG_COMPILER_GLOBAL_ACCENT_COLOR_NAME = AccentColor;
				CODE_SIGN_STYLE = Automatic;
				CURRENT_PROJECT_VERSION = 1;
				DEVELOPMENT_TEAM = P2K7ZPU98L;
				GENERATE_INFOPLIST_FILE = YES;
				INFOPLIST_FILE = Magic8Ball_NSB/Info.plist;
				INFOPLIST_KEY_UIApplicationSupportsIndirectInputEvents = YES;
				INFOPLIST_KEY_UILaunchStoryboardName = LaunchScreen;
				INFOPLIST_KEY_UISupportedInterfaceOrientations_iPad = "UIInterfaceOrientationPortrait UIInterfaceOrientationPortraitUpsideDown UIInterfaceOrientationLandscapeLeft UIInterfaceOrientationLandscapeRight";
				INFOPLIST_KEY_UISupportedInterfaceOrientations_iPhone = "UIInterfaceOrientationPortrait UIInterfaceOrientationLandscapeLeft UIInterfaceOrientationLandscapeRight";
				LD_RUNPATH_SEARCH_PATHS = (
					"$(inherited)",
					"@executable_path/Frameworks",
				);
				MARKETING_VERSION = 1.0;
				PRODUCT_BUNDLE_IDENTIFIER = "com.raulpavon.Magic8Ball-NSB";
				PRODUCT_NAME = "$(TARGET_NAME)";
				SWIFT_EMIT_LOC_STRINGS = YES;
				SWIFT_VERSION = 5.0;
				TARGETED_DEVICE_FAMILY = "1,2";
			};
			name = Release;
		};
/* End XCBuildConfiguration section */

/* Begin XCConfigurationList section */
		047C634627A49D9F00612DEE /* Build configuration list for PBXProject "Magic8Ball_NSB" */ = {
			isa = XCConfigurationList;
			buildConfigurations = (
				047C635D27A49DA100612DEE /* Debug */,
				047C635E27A49DA100612DEE /* Release */,
			);
			defaultConfigurationIsVisible = 0;
			defaultConfigurationName = Release;
		};
		047C635F27A49DA100612DEE /* Build configuration list for PBXNativeTarget "Magic8Ball_NSB" */ = {
			isa = XCConfigurationList;
			buildConfigurations = (
				047C636027A49DA100612DEE /* Debug */,
				047C636127A49DA100612DEE /* Release */,
			);
			defaultConfigurationIsVisible = 0;
			defaultConfigurationName = Release;
		};
/* End XCConfigurationList section */
	};
	rootObject = 047C634327A49D9F00612DEE /* Project object */;
}
